
Microsoft Visual Studio Solution File, Format Version 12.00
# Visual Studio Version 17
VisualStudioVersion = 17.11.35208.52
MinimumVisualStudioVersion = 10.0.40219.1
Project("{FAE04EC0-301F-11D3-BF4B-00C04F79EFBC}") = "KanbanController", "KanbanController\KanbanController.csproj", "{164BB3DF-EE8A-467B-97A4-C1586A8F417C}"
EndProject
Global
	GlobalSection(SolutionConfigurationPlatforms) = preSolution
		Debug|Any CPU = Debug|Any CPU
		Release|Any CPU = Release|Any CPU
	EndGlobalSection
	GlobalSection(ProjectConfigurationPlatforms) = postSolution
		{164BB3DF-EE8A-467B-97A4-C1586A8F417C}.Debug|Any CPU.ActiveCfg = Debug|Any CPU
		{164BB3DF-EE8A-467B-97A4-C1586A8F417C}.Debug|Any CPU.Build.0 = Debug|Any CPU
		{164BB3DF-EE8A-467B-97A4-C1586A8F417C}.Release|Any CPU.ActiveCfg = Release|Any CPU
		{164BB3DF-EE8A-467B-97A4-C1586A8F417C}.Release|Any CPU.Build.0 = Release|Any CPU
	EndGlobalSection
	GlobalSection(SolutionProperties) = preSolution
		HideSolutionNode = FALSE
	EndGlobalSection
	GlobalSection(ExtensibilityGlobals) = postSolution
		SolutionGuid = {77FF62D6-8D46-46DB-AD2D-D323324F0117}
	EndGlobalSection
EndGlobal
